{
  "pins" : [
    {
      "identity" : "uibuttonflat",
      "kind" : "remoteSourceControl",
      "location" : "https://github.com/DarthXoc/UIButtonFlat.git",
      "state" : {
        "revision" : "ce6d21f9d13a7797a700ae22c98755c4efdd92c9",
        "version" : "1.1.0"
      }
    }
  ],
  "version" : 2
}
