{
  "object": {
    "pins": [
      {
        "package": "UIButtonFlat",
        "repositoryURL": "https://github.com/DarthXoc/UIButtonFlat.git",
        "state": {
          "branch": null,
          "revision": "322725c240d239a2141a617739cb403c9acde990",
          "version": "1.0.3"
        }
      }
    ]
  },
  "version": 1
}
